{
  "version": 4,
  "terraform_version": "1.7.5",
  "serial": 71,
  "lineage": "c27bdea2-6f77-6940-11f2-470ddf497507",
  "outputs": {},
  "resources": [
    {
      "mode": "managed",
      "type": "google_dns_managed_zone",
      "name": "writeshite_zone",
      "provider": "provider[\"registry.terraform.io/hashicorp/google\"]",
      "instances": [
        {
          "schema_version": 0,
          "attributes": {
            "cloud_logging_config": [
              {
                "enable_logging": false
              }
            ],
            "creation_time": "2024-03-30T17:27:55.520Z",
            "description": "DNS zone for writeshite.com",
            "dns_name": "writeshite.com.",
            "dnssec_config": [],
            "effective_labels": {},
            "force_destroy": false,
            "forwarding_config": [],
            "id": "projects/peaceful-app-379819/managedZones/writeshite-zone",
            "labels": {},
            "managed_zone_id": 396755215028717307,
            "name": "writeshite-zone",
            "name_servers": [
              "ns-cloud-a1.googledomains.com.",
              "ns-cloud-a2.googledomains.com.",
              "ns-cloud-a3.googledomains.com.",
              "ns-cloud-a4.googledomains.com."
            ],
            "peering_config": [],
            "private_visibility_config": [],
            "project": "peaceful-app-379819",
            "terraform_labels": {},
            "timeouts": null,
            "visibility": "public"
          },
          "sensitive_attributes": [],
          "private": "eyJlMmJmYjczMC1lY2FhLTExZTYtOGY4OC0zNDM2M2JjN2M0YzAiOnsiY3JlYXRlIjoxMjAwMDAwMDAwMDAwLCJkZWxldGUiOjEyMDAwMDAwMDAwMDAsInVwZGF0ZSI6MTIwMDAwMDAwMDAwMH0sInNjaGVtYV92ZXJzaW9uIjoiMCJ9"
        }
      ]
    },
    {
      "mode": "managed",
      "type": "google_project_iam_member",
      "name": "cloudbuild_roles",
      "provider": "provider[\"registry.terraform.io/hashicorp/google\"]",
      "instances": [
        {
          "index_key": "roles/cloudbuild.builds.editor",
          "schema_version": 0,
          "attributes": {
            "condition": [],
            "etag": "BwYU5R/eSYU=",
            "id": "peaceful-app-379819/roles/cloudbuild.builds.editor/serviceAccount:build-bot@peaceful-app-379819.iam.gserviceaccount.com",
            "member": "serviceAccount:build-bot@peaceful-app-379819.iam.gserviceaccount.com",
            "project": "peaceful-app-379819",
            "role": "roles/cloudbuild.builds.editor"
          },
          "sensitive_attributes": [],
          "private": "bnVsbA==",
          "dependencies": [
            "google_service_account.cloudbuild_service_account"
          ]
        },
        {
          "index_key": "roles/dns.admin",
          "schema_version": 0,
          "attributes": {
            "condition": [],
            "etag": "BwYU5R/eSYU=",
            "id": "peaceful-app-379819/roles/dns.admin/serviceAccount:build-bot@peaceful-app-379819.iam.gserviceaccount.com",
            "member": "serviceAccount:build-bot@peaceful-app-379819.iam.gserviceaccount.com",
            "project": "peaceful-app-379819",
            "role": "roles/dns.admin"
          },
          "sensitive_attributes": [],
          "private": "bnVsbA==",
          "dependencies": [
            "google_service_account.cloudbuild_service_account"
          ]
        },
        {
          "index_key": "roles/iam.serviceAccountUser",
          "schema_version": 0,
          "attributes": {
            "condition": [],
            "etag": "BwYU5R/eSYU=",
            "id": "peaceful-app-379819/roles/iam.serviceAccountUser/serviceAccount:build-bot@peaceful-app-379819.iam.gserviceaccount.com",
            "member": "serviceAccount:build-bot@peaceful-app-379819.iam.gserviceaccount.com",
            "project": "peaceful-app-379819",
            "role": "roles/iam.serviceAccountUser"
          },
          "sensitive_attributes": [],
          "private": "bnVsbA==",
          "dependencies": [
            "google_service_account.cloudbuild_service_account"
          ]
        },
        {
          "index_key": "roles/logging.admin",
          "schema_version": 0,
          "attributes": {
            "condition": [],
            "etag": "BwYU5R/eSYU=",
            "id": "peaceful-app-379819/roles/logging.admin/serviceAccount:build-bot@peaceful-app-379819.iam.gserviceaccount.com",
            "member": "serviceAccount:build-bot@peaceful-app-379819.iam.gserviceaccount.com",
            "project": "peaceful-app-379819",
            "role": "roles/logging.admin"
          },
          "sensitive_attributes": [],
          "private": "bnVsbA==",
          "dependencies": [
            "google_service_account.cloudbuild_service_account"
          ]
        },
        {
          "index_key": "roles/logging.logWriter",
          "schema_version": 0,
          "attributes": {
            "condition": [],
            "etag": "BwYU5R/eSYU=",
            "id": "peaceful-app-379819/roles/logging.logWriter/serviceAccount:build-bot@peaceful-app-379819.iam.gserviceaccount.com",
            "member": "serviceAccount:build-bot@peaceful-app-379819.iam.gserviceaccount.com",
            "project": "peaceful-app-379819",
            "role": "roles/logging.logWriter"
          },
          "sensitive_attributes": [],
          "private": "bnVsbA==",
          "dependencies": [
            "google_service_account.cloudbuild_service_account"
          ]
        },
        {
          "index_key": "roles/run.admin",
          "schema_version": 0,
          "attributes": {
            "condition": [],
            "etag": "BwYU5R/eSYU=",
            "id": "peaceful-app-379819/roles/run.admin/serviceAccount:build-bot@peaceful-app-379819.iam.gserviceaccount.com",
            "member": "serviceAccount:build-bot@peaceful-app-379819.iam.gserviceaccount.com",
            "project": "peaceful-app-379819",
            "role": "roles/run.admin"
          },
          "sensitive_attributes": [],
          "private": "bnVsbA==",
          "dependencies": [
            "google_service_account.cloudbuild_service_account"
          ]
        },
        {
          "index_key": "roles/storage.admin",
          "schema_version": 0,
          "attributes": {
            "condition": [],
            "etag": "BwYU5R/eSYU=",
            "id": "peaceful-app-379819/roles/storage.admin/serviceAccount:build-bot@peaceful-app-379819.iam.gserviceaccount.com",
            "member": "serviceAccount:build-bot@peaceful-app-379819.iam.gserviceaccount.com",
            "project": "peaceful-app-379819",
            "role": "roles/storage.admin"
          },
          "sensitive_attributes": [],
          "private": "bnVsbA==",
          "dependencies": [
            "google_service_account.cloudbuild_service_account"
          ]
        },
        {
          "index_key": "roles/storage.objectAdmin",
          "schema_version": 0,
          "attributes": {
            "condition": [],
            "etag": "BwYU5R/eSYU=",
            "id": "peaceful-app-379819/roles/storage.objectAdmin/serviceAccount:build-bot@peaceful-app-379819.iam.gserviceaccount.com",
            "member": "serviceAccount:build-bot@peaceful-app-379819.iam.gserviceaccount.com",
            "project": "peaceful-app-379819",
            "role": "roles/storage.objectAdmin"
          },
          "sensitive_attributes": [],
          "private": "bnVsbA==",
          "dependencies": [
            "google_service_account.cloudbuild_service_account"
          ]
        }
      ]
    },
    {
      "mode": "managed",
      "type": "google_service_account",
      "name": "cloudbuild_service_account",
      "provider": "provider[\"registry.terraform.io/hashicorp/google\"]",
      "instances": [
        {
          "schema_version": 0,
          "attributes": {
            "account_id": "build-bot",
            "create_ignore_already_exists": null,
            "description": "",
            "disabled": false,
            "display_name": "Cloud Build Service Account",
            "email": "build-bot@peaceful-app-379819.iam.gserviceaccount.com",
            "id": "projects/peaceful-app-379819/serviceAccounts/build-bot@peaceful-app-379819.iam.gserviceaccount.com",
            "member": "serviceAccount:build-bot@peaceful-app-379819.iam.gserviceaccount.com",
            "name": "projects/peaceful-app-379819/serviceAccounts/build-bot@peaceful-app-379819.iam.gserviceaccount.com",
            "project": "peaceful-app-379819",
            "timeouts": null,
            "unique_id": "105940591065555351709"
          },
          "sensitive_attributes": [],
          "private": "eyJlMmJmYjczMC1lY2FhLTExZTYtOGY4OC0zNDM2M2JjN2M0YzAiOnsiY3JlYXRlIjozMDAwMDAwMDAwMDB9fQ=="
        }
      ]
    },
    {
      "mode": "managed",
      "type": "google_storage_bucket",
      "name": "terraform_state",
      "provider": "provider[\"registry.terraform.io/hashicorp/google\"]",
      "instances": [
        {
          "schema_version": 1,
          "attributes": {
            "autoclass": [],
            "cors": [],
            "custom_placement_config": [],
            "default_event_based_hold": false,
            "effective_labels": {},
            "enable_object_retention": false,
            "encryption": [],
            "force_destroy": false,
            "id": "writeshite-terraform-state",
            "labels": {},
            "lifecycle_rule": [],
            "location": "US",
            "logging": [],
            "name": "writeshite-terraform-state",
            "project": "peaceful-app-379819",
            "public_access_prevention": "inherited",
            "requester_pays": false,
            "retention_policy": [],
            "rpo": "DEFAULT",
            "self_link": "https://www.googleapis.com/storage/v1/b/writeshite-terraform-state",
            "storage_class": "STANDARD",
            "terraform_labels": {},
            "timeouts": null,
            "uniform_bucket_level_access": false,
            "url": "gs://writeshite-terraform-state",
            "versioning": [
              {
                "enabled": true
              }
            ],
            "website": []
          },
          "sensitive_attributes": [],
          "private": "eyJlMmJmYjczMC1lY2FhLTExZTYtOGY4OC0zNDM2M2JjN2M0YzAiOnsiY3JlYXRlIjo2MDAwMDAwMDAwMDAsInJlYWQiOjI0MDAwMDAwMDAwMCwidXBkYXRlIjoyNDAwMDAwMDAwMDB9LCJzY2hlbWFfdmVyc2lvbiI6IjEifQ=="
        }
      ]
    },
    {
      "mode": "managed",
      "type": "google_storage_bucket",
      "name": "writeshite_frontend",
      "provider": "provider[\"registry.terraform.io/hashicorp/google\"]",
      "instances": [
        {
          "schema_version": 1,
          "attributes": {
            "autoclass": [],
            "cors": [],
            "custom_placement_config": [],
            "default_event_based_hold": false,
            "effective_labels": {},
            "enable_object_retention": false,
            "encryption": [],
            "force_destroy": true,
            "id": "writeshite-frontend",
            "labels": {},
            "lifecycle_rule": [],
            "location": "US",
            "logging": [],
            "name": "writeshite-frontend",
            "project": "peaceful-app-379819",
            "public_access_prevention": "inherited",
            "requester_pays": false,
            "retention_policy": [],
            "rpo": "DEFAULT",
            "self_link": "https://www.googleapis.com/storage/v1/b/writeshite-frontend",
            "storage_class": "STANDARD",
            "terraform_labels": {},
            "timeouts": null,
            "uniform_bucket_level_access": false,
            "url": "gs://writeshite-frontend",
            "versioning": [],
            "website": []
          },
          "sensitive_attributes": [],
          "private": "eyJlMmJmYjczMC1lY2FhLTExZTYtOGY4OC0zNDM2M2JjN2M0YzAiOnsiY3JlYXRlIjo2MDAwMDAwMDAwMDAsInJlYWQiOjI0MDAwMDAwMDAwMCwidXBkYXRlIjoyNDAwMDAwMDAwMDB9LCJzY2hlbWFfdmVyc2lvbiI6IjEifQ=="
        }
      ]
    }
  ],
  "check_results": null
}
